
Microsoft Visual Studio Solution File, Format Version 12.00
# Visual Studio 2013
VisualStudioVersion = 12.0.31101.0
MinimumVisualStudioVersion = 10.0.40219.1
Project("{FAE04EC0-301F-11D3-BF4B-00C04F79EFBC}") = "1ва задача", "1ва задача\1ва задача.csproj", "{9408502E-07D6-4738-BA96-7DE941F6E8A2}"
EndProject
Project("{FAE04EC0-301F-11D3-BF4B-00C04F79EFBC}") = "3та задача", "3та задача\3та задача.csproj", "{C444D3B7-9F30-4A4A-9FF9-D1D64EC555D3}"
EndProject
Project("{FAE04EC0-301F-11D3-BF4B-00C04F79EFBC}") = "2ра задача", "2ра задача\2ра задача.csproj", "{4DA390E5-4D2A-470E-9C83-C3CA0D5C8360}"
EndProject
Project("{FAE04EC0-301F-11D3-BF4B-00C04F79EFBC}") = "4та задача", "4та задача\4та задача.csproj", "{4123D43C-848D-42F9-887E-C646C9E5D59E}"
EndProject
Project("{FAE04EC0-301F-11D3-BF4B-00C04F79EFBC}") = "6та задача", "6та задача\6та задача.csproj", "{60B35091-CECF-4677-8623-3CC26A882743}"
EndProject
Project("{FAE04EC0-301F-11D3-BF4B-00C04F79EFBC}") = "7ма задача", "7ма задача\7ма задача.csproj", "{A0C2559B-C8E2-44D5-A0A5-19C2F9205209}"
EndProject
Project("{FAE04EC0-301F-11D3-BF4B-00C04F79EFBC}") = "5та задача", "5та задача\5та задача.csproj", "{1893DE06-DC3F-4624-A56D-E994FA856C0F}"
EndProject
Global
	GlobalSection(SolutionConfigurationPlatforms) = preSolution
		Debug|Any CPU = Debug|Any CPU
		Release|Any CPU = Release|Any CPU
	EndGlobalSection
	GlobalSection(ProjectConfigurationPlatforms) = postSolution
		{9408502E-07D6-4738-BA96-7DE941F6E8A2}.Debug|Any CPU.ActiveCfg = Debug|Any CPU
		{9408502E-07D6-4738-BA96-7DE941F6E8A2}.Debug|Any CPU.Build.0 = Debug|Any CPU
		{9408502E-07D6-4738-BA96-7DE941F6E8A2}.Release|Any CPU.ActiveCfg = Release|Any CPU
		{9408502E-07D6-4738-BA96-7DE941F6E8A2}.Release|Any CPU.Build.0 = Release|Any CPU
		{C444D3B7-9F30-4A4A-9FF9-D1D64EC555D3}.Debug|Any CPU.ActiveCfg = Debug|Any CPU
		{C444D3B7-9F30-4A4A-9FF9-D1D64EC555D3}.Debug|Any CPU.Build.0 = Debug|Any CPU
		{C444D3B7-9F30-4A4A-9FF9-D1D64EC555D3}.Release|Any CPU.ActiveCfg = Release|Any CPU
		{C444D3B7-9F30-4A4A-9FF9-D1D64EC555D3}.Release|Any CPU.Build.0 = Release|Any CPU
		{4DA390E5-4D2A-470E-9C83-C3CA0D5C8360}.Debug|Any CPU.ActiveCfg = Debug|Any CPU
		{4DA390E5-4D2A-470E-9C83-C3CA0D5C8360}.Debug|Any CPU.Build.0 = Debug|Any CPU
		{4DA390E5-4D2A-470E-9C83-C3CA0D5C8360}.Release|Any CPU.ActiveCfg = Release|Any CPU
		{4DA390E5-4D2A-470E-9C83-C3CA0D5C8360}.Release|Any CPU.Build.0 = Release|Any CPU
		{4123D43C-848D-42F9-887E-C646C9E5D59E}.Debug|Any CPU.ActiveCfg = Debug|Any CPU
		{4123D43C-848D-42F9-887E-C646C9E5D59E}.Debug|Any CPU.Build.0 = Debug|Any CPU
		{4123D43C-848D-42F9-887E-C646C9E5D59E}.Release|Any CPU.ActiveCfg = Release|Any CPU
		{4123D43C-848D-42F9-887E-C646C9E5D59E}.Release|Any CPU.Build.0 = Release|Any CPU
		{60B35091-CECF-4677-8623-3CC26A882743}.Debug|Any CPU.ActiveCfg = Debug|Any CPU
		{60B35091-CECF-4677-8623-3CC26A882743}.Debug|Any CPU.Build.0 = Debug|Any CPU
		{60B35091-CECF-4677-8623-3CC26A882743}.Release|Any CPU.ActiveCfg = Release|Any CPU
		{60B35091-CECF-4677-8623-3CC26A882743}.Release|Any CPU.Build.0 = Release|Any CPU
		{A0C2559B-C8E2-44D5-A0A5-19C2F9205209}.Debug|Any CPU.ActiveCfg = Debug|Any CPU
		{A0C2559B-C8E2-44D5-A0A5-19C2F9205209}.Debug|Any CPU.Build.0 = Debug|Any CPU
		{A0C2559B-C8E2-44D5-A0A5-19C2F9205209}.Release|Any CPU.ActiveCfg = Release|Any CPU
		{A0C2559B-C8E2-44D5-A0A5-19C2F9205209}.Release|Any CPU.Build.0 = Release|Any CPU
		{1893DE06-DC3F-4624-A56D-E994FA856C0F}.Debug|Any CPU.ActiveCfg = Debug|Any CPU
		{1893DE06-DC3F-4624-A56D-E994FA856C0F}.Debug|Any CPU.Build.0 = Debug|Any CPU
		{1893DE06-DC3F-4624-A56D-E994FA856C0F}.Release|Any CPU.ActiveCfg = Release|Any CPU
		{1893DE06-DC3F-4624-A56D-E994FA856C0F}.Release|Any CPU.Build.0 = Release|Any CPU
	EndGlobalSection
	GlobalSection(SolutionProperties) = preSolution
		HideSolutionNode = FALSE
	EndGlobalSection
EndGlobal
