
Microsoft Visual Studio Solution File, Format Version 12.00
# Visual Studio 2013
VisualStudioVersion = 12.0.31101.0
MinimumVisualStudioVersion = 10.0.40219.1
Project("{FAE04EC0-301F-11D3-BF4B-00C04F79EFBC}") = "1ва задача", "1ва задача\1ва задача.csproj", "{0D256FAA-2884-4513-99E6-955B569D4F80}"
EndProject
Project("{FAE04EC0-301F-11D3-BF4B-00C04F79EFBC}") = "2ра задача", "2ра задача\2ра задача.csproj", "{2B54C7F5-7356-4877-B183-210AEE724D23}"
EndProject
Project("{FAE04EC0-301F-11D3-BF4B-00C04F79EFBC}") = "3та задача", "3та задача\3та задача.csproj", "{1C6EE24F-6A04-4826-A68C-0CB5913C9313}"
EndProject
Project("{FAE04EC0-301F-11D3-BF4B-00C04F79EFBC}") = "2ра задача - вариант II", "2ра задача - вариант II\2ра задача - вариант II.csproj", "{E0359E6D-7389-474F-91D0-D2D455D3EC34}"
EndProject
Global
	GlobalSection(SolutionConfigurationPlatforms) = preSolution
		Debug|Any CPU = Debug|Any CPU
		Release|Any CPU = Release|Any CPU
	EndGlobalSection
	GlobalSection(ProjectConfigurationPlatforms) = postSolution
		{0D256FAA-2884-4513-99E6-955B569D4F80}.Debug|Any CPU.ActiveCfg = Debug|Any CPU
		{0D256FAA-2884-4513-99E6-955B569D4F80}.Debug|Any CPU.Build.0 = Debug|Any CPU
		{0D256FAA-2884-4513-99E6-955B569D4F80}.Release|Any CPU.ActiveCfg = Release|Any CPU
		{0D256FAA-2884-4513-99E6-955B569D4F80}.Release|Any CPU.Build.0 = Release|Any CPU
		{2B54C7F5-7356-4877-B183-210AEE724D23}.Debug|Any CPU.ActiveCfg = Debug|Any CPU
		{2B54C7F5-7356-4877-B183-210AEE724D23}.Debug|Any CPU.Build.0 = Debug|Any CPU
		{2B54C7F5-7356-4877-B183-210AEE724D23}.Release|Any CPU.ActiveCfg = Release|Any CPU
		{2B54C7F5-7356-4877-B183-210AEE724D23}.Release|Any CPU.Build.0 = Release|Any CPU
		{1C6EE24F-6A04-4826-A68C-0CB5913C9313}.Debug|Any CPU.ActiveCfg = Debug|Any CPU
		{1C6EE24F-6A04-4826-A68C-0CB5913C9313}.Debug|Any CPU.Build.0 = Debug|Any CPU
		{1C6EE24F-6A04-4826-A68C-0CB5913C9313}.Release|Any CPU.ActiveCfg = Release|Any CPU
		{1C6EE24F-6A04-4826-A68C-0CB5913C9313}.Release|Any CPU.Build.0 = Release|Any CPU
		{E0359E6D-7389-474F-91D0-D2D455D3EC34}.Debug|Any CPU.ActiveCfg = Debug|Any CPU
		{E0359E6D-7389-474F-91D0-D2D455D3EC34}.Debug|Any CPU.Build.0 = Debug|Any CPU
		{E0359E6D-7389-474F-91D0-D2D455D3EC34}.Release|Any CPU.ActiveCfg = Release|Any CPU
		{E0359E6D-7389-474F-91D0-D2D455D3EC34}.Release|Any CPU.Build.0 = Release|Any CPU
	EndGlobalSection
	GlobalSection(SolutionProperties) = preSolution
		HideSolutionNode = FALSE
	EndGlobalSection
EndGlobal
